// !$*UTF8*$!
{
	archiveVersion = 1;
	classes = {
	};
	objectVersion = 77;
	objects = {

/* Begin PBXBuildFile section */
		078A408D958D717CFBDE5058 /* Models.swift in Sources */ = {isa = PBXBuildFile; fileRef = DA9080B195040CDD2EF77500 /* Models.swift */; };
		156370DF7F951713BE648996 /* AnchorLogicTests.swift in Sources */ = {isa = PBXBuildFile; fileRef = 9AB5D929EBC4313901077741 /* AnchorLogicTests.swift */; };
		31D6D5268F4C51E0F954F194 /* EditorView.swift in Sources */ = {isa = PBXBuildFile; fileRef = 505D2BBEDD2CEC8B45089762 /* EditorView.swift */; };
		4278EAD38304CA627DC0BAEB /* CardTheme.swift in Sources */ = {isa = PBXBuildFile; fileRef = 91B5237CF0B0FB4337EDE62D /* CardTheme.swift */; };
		4B9F052311F983642CF5917A /* Anchor.storekit in Resources */ = {isa = PBXBuildFile; fileRef = 3A798F440474CAAB134B4442 /* Anchor.storekit */; };
		4E063173AEBFFE2FC3A87D60 /* HomeView.swift in Sources */ = {isa = PBXBuildFile; fileRef = 00E8B84F0DF8228B40E79878 /* HomeView.swift */; };
		4E8AE1C67AA1AD6C7CC9B889 /* ColorHex.swift in Sources */ = {isa = PBXBuildFile; fileRef = AA48F7BD0B5F38732551C330 /* ColorHex.swift */; };
		68DC0153AA103076E6FF7BA1 /* ShareCardView.swift in Sources */ = {isa = PBXBuildFile; fileRef = 47598A4CDD90D3CBC3A3E9D1 /* ShareCardView.swift */; };
		6A2DC6437CFE01534280C7F8 /* AnchorApp.swift in Sources */ = {isa = PBXBuildFile; fileRef = 866055A5F4531363938F3758 /* AnchorApp.swift */; };
		715E6051075E7238D3AC9AAE /* PrivacyInfo.xcprivacy in Resources */ = {isa = PBXBuildFile; fileRef = 0A15347C3319FD405B413C13 /* PrivacyInfo.xcprivacy */; };
		7D9C4AD58EE73D39872191FA /* PaywallView.swift in Sources */ = {isa = PBXBuildFile; fileRef = E69C18EE7EBC56871A9BB5DD /* PaywallView.swift */; };
		9F1E5290D3C0E49B35C50323 /* RootView.swift in Sources */ = {isa = PBXBuildFile; fileRef = B5CEBB2799F1AE0CD8EC2DDB /* RootView.swift */; };
		A5AB730F5FC209A964576466 /* Store.swift in Sources */ = {isa = PBXBuildFile; fileRef = BE1A8F501FF62FFE31A0E914 /* Store.swift */; };
		A5B520FD2D34CE7670060B25 /* SettingsView.swift in Sources */ = {isa = PBXBuildFile; fileRef = 80A9129AFA268A4F9F367CE1 /* SettingsView.swift */; };
		A87EA8007767B17689FF2F8A /* Design.swift in Sources */ = {isa = PBXBuildFile; fileRef = 2A3A4276EDD3FC2D9D8B74A2 /* Design.swift */; };
		AB26FB6A76584B6358ECE1D9 /* AnchorTests.swift in Sources */ = {isa = PBXBuildFile; fileRef = 2E8D98A25DF107D4FF84AAD9 /* AnchorTests.swift */; };
		C2D79F375C5390C2BEEBAEB1 /* ArchiveView.swift in Sources */ = {isa = PBXBuildFile; fileRef = CA1729B31E472F440A1D1352 /* ArchiveView.swift */; };
		CD48095C09E225669717085E /* Components.swift in Sources */ = {isa = PBXBuildFile; fileRef = 09B2DB08DEFCF79591916A40 /* Components.swift */; };
		D78997667BBFCC5F271183B3 /* AppModel.swift in Sources */ = {isa = PBXBuildFile; fileRef = 8C40CE3F9A3B2D9C994FFEF0 /* AppModel.swift */; };
		DA65BFEE2AF45FB424DBC4FA /* Export.swift in Sources */ = {isa = PBXBuildFile; fileRef = E2349443A636FD2F2E3A602B /* Export.swift */; };
		E4136268B8EE63DC409B7883 /* StreakEngine.swift in Sources */ = {isa = PBXBuildFile; fileRef = E75063AD5466A69B7128E963 /* StreakEngine.swift */; };
		FE1C89EBE8BBFF8D916399AC /* Assets.xcassets in Resources */ = {isa = PBXBuildFile; fileRef = C32A8D51FBF9C10FB8E041C8 /* Assets.xcassets */; };
/* End PBXBuildFile section */

/* Begin PBXContainerItemProxy section */
		FFE3C2E80B8F53DD0174265E /* PBXContainerItemProxy */ = {
			isa = PBXContainerItemProxy;
			containerPortal = 15909A3D28DD6BEEA0C2B50B /* Project object */;
			proxyType = 1;
			remoteGlobalIDString = 6F5D2FC464FFAA1DA15E11C1;
			remoteInfo = Anchor;
		};
/* End PBXContainerItemProxy section */

/* Begin PBXFileReference section */
		00E8B84F0DF8228B40E79878 /* HomeView.swift */ = {isa = PBXFileReference; lastKnownFileType = sourcecode.swift; path = HomeView.swift; sourceTree = "<group>"; };
		067C4B964D6B6AD5DC23BD6C /* Anchor.app */ = {isa = PBXFileReference; includeInIndex = 0; lastKnownFileType = wrapper.application; path = Anchor.app; sourceTree = BUILT_PRODUCTS_DIR; };
		09B2DB08DEFCF79591916A40 /* Components.swift */ = {isa = PBXFileReference; lastKnownFileType = sourcecode.swift; path = Components.swift; sourceTree = "<group>"; };
		0A15347C3319FD405B413C13 /* PrivacyInfo.xcprivacy */ = {isa = PBXFileReference; path = PrivacyInfo.xcprivacy; sourceTree = "<group>"; };
		1C8124FCC8EA393C8E85F6AB /* Anchor.entitlements */ = {isa = PBXFileReference; lastKnownFileType = text.plist.entitlements; path = Anchor.entitlements; sourceTree = "<group>"; };
		2A3A4276EDD3FC2D9D8B74A2 /* Design.swift */ = {isa = PBXFileReference; lastKnownFileType = sourcecode.swift; path = Design.swift; sourceTree = "<group>"; };
		2E8D98A25DF107D4FF84AAD9 /* AnchorTests.swift */ = {isa = PBXFileReference; lastKnownFileType = sourcecode.swift; path = AnchorTests.swift; sourceTree = "<group>"; };
		3A798F440474CAAB134B4442 /* Anchor.storekit */ = {isa = PBXFileReference; path = Anchor.storekit; sourceTree = "<group>"; };
		47598A4CDD90D3CBC3A3E9D1 /* ShareCardView.swift */ = {isa = PBXFileReference; lastKnownFileType = sourcecode.swift; path = ShareCardView.swift; sourceTree = "<group>"; };
		505D2BBEDD2CEC8B45089762 /* EditorView.swift */ = {isa = PBXFileReference; lastKnownFileType = sourcecode.swift; path = EditorView.swift; sourceTree = "<group>"; };
		80A9129AFA268A4F9F367CE1 /* SettingsView.swift */ = {isa = PBXFileReference; lastKnownFileType = sourcecode.swift; path = SettingsView.swift; sourceTree = "<group>"; };
		866055A5F4531363938F3758 /* AnchorApp.swift */ = {isa = PBXFileReference; lastKnownFileType = sourcecode.swift; path = AnchorApp.swift; sourceTree = "<group>"; };
		8C40CE3F9A3B2D9C994FFEF0 /* AppModel.swift */ = {isa = PBXFileReference; lastKnownFileType = sourcecode.swift; path = AppModel.swift; sourceTree = "<group>"; };
		91B5237CF0B0FB4337EDE62D /* CardTheme.swift */ = {isa = PBXFileReference; lastKnownFileType = sourcecode.swift; path = CardTheme.swift; sourceTree = "<group>"; };
		9AB5D929EBC4313901077741 /* AnchorLogicTests.swift */ = {isa = PBXFileReference; lastKnownFileType = sourcecode.swift; path = AnchorLogicTests.swift; sourceTree = "<group>"; };
		A40A3A6F53D4714A7A228D48 /* AnchorTests.xctest */ = {isa = PBXFileReference; includeInIndex = 0; lastKnownFileType = wrapper.cfbundle; path = AnchorTests.xctest; sourceTree = BUILT_PRODUCTS_DIR; };
		AA48F7BD0B5F38732551C330 /* ColorHex.swift */ = {isa = PBXFileReference; lastKnownFileType = sourcecode.swift; path = ColorHex.swift; sourceTree = "<group>"; };
		B5CEBB2799F1AE0CD8EC2DDB /* RootView.swift */ = {isa = PBXFileReference; lastKnownFileType = sourcecode.swift; path = RootView.swift; sourceTree = "<group>"; };
		BE1A8F501FF62FFE31A0E914 /* Store.swift */ = {isa = PBXFileReference; lastKnownFileType = sourcecode.swift; path = Store.swift; sourceTree = "<group>"; };
		C2CE93B7CF9DD458264293D7 /* Info.plist */ = {isa = PBXFileReference; lastKnownFileType = text.plist; path = Info.plist; sourceTree = "<group>"; };
		C32A8D51FBF9C10FB8E041C8 /* Assets.xcassets */ = {isa = PBXFileReference; lastKnownFileType = folder.assetcatalog; path = Assets.xcassets; sourceTree = "<group>"; };
		CA1729B31E472F440A1D1352 /* ArchiveView.swift */ = {isa = PBXFileReference; lastKnownFileType = sourcecode.swift; path = ArchiveView.swift; sourceTree = "<group>"; };
		DA9080B195040CDD2EF77500 /* Models.swift */ = {isa = PBXFileReference; lastKnownFileType = sourcecode.swift; path = Models.swift; sourceTree = "<group>"; };
		E2349443A636FD2F2E3A602B /* Export.swift */ = {isa = PBXFileReference; lastKnownFileType = sourcecode.swift; path = Export.swift; sourceTree = "<group>"; };
		E69C18EE7EBC56871A9BB5DD /* PaywallView.swift */ = {isa = PBXFileReference; lastKnownFileType = sourcecode.swift; path = PaywallView.swift; sourceTree = "<group>"; };
		E75063AD5466A69B7128E963 /* StreakEngine.swift */ = {isa = PBXFileReference; lastKnownFileType = sourcecode.swift; path = StreakEngine.swift; sourceTree = "<group>"; };
/* End PBXFileReference section */

/* Begin PBXGroup section */
		2C2B748EBE2C31199B74F04C /* Shared */ = {
			isa = PBXGroup;
			children = (
				AA48F7BD0B5F38732551C330 /* ColorHex.swift */,
			);
			path = Shared;
			sourceTree = "<group>";
		};
		5D75169B392227D5DFC7A4A9 /* AnchorTests */ = {
			isa = PBXGroup;
			children = (
				9AB5D929EBC4313901077741 /* AnchorLogicTests.swift */,
				2E8D98A25DF107D4FF84AAD9 /* AnchorTests.swift */,
			);
			path = AnchorTests;
			sourceTree = "<group>";
		};
		6BAACBF8C38221CFEBA1BAC9 /* Products */ = {
			isa = PBXGroup;
			children = (
				067C4B964D6B6AD5DC23BD6C /* Anchor.app */,
				A40A3A6F53D4714A7A228D48 /* AnchorTests.xctest */,
			);
			name = Products;
			sourceTree = "<group>";
		};
		9515AE6389B5E0A849408F0E /* Anchor */ = {
			isa = PBXGroup;
			children = (
				1C8124FCC8EA393C8E85F6AB /* Anchor.entitlements */,
				866055A5F4531363938F3758 /* AnchorApp.swift */,
				8C40CE3F9A3B2D9C994FFEF0 /* AppModel.swift */,
				CA1729B31E472F440A1D1352 /* ArchiveView.swift */,
				C32A8D51FBF9C10FB8E041C8 /* Assets.xcassets */,
				91B5237CF0B0FB4337EDE62D /* CardTheme.swift */,
				09B2DB08DEFCF79591916A40 /* Components.swift */,
				2A3A4276EDD3FC2D9D8B74A2 /* Design.swift */,
				505D2BBEDD2CEC8B45089762 /* EditorView.swift */,
				E2349443A636FD2F2E3A602B /* Export.swift */,
				00E8B84F0DF8228B40E79878 /* HomeView.swift */,
				C2CE93B7CF9DD458264293D7 /* Info.plist */,
				DA9080B195040CDD2EF77500 /* Models.swift */,
				E69C18EE7EBC56871A9BB5DD /* PaywallView.swift */,
				0A15347C3319FD405B413C13 /* PrivacyInfo.xcprivacy */,
				B5CEBB2799F1AE0CD8EC2DDB /* RootView.swift */,
				80A9129AFA268A4F9F367CE1 /* SettingsView.swift */,
				47598A4CDD90D3CBC3A3E9D1 /* ShareCardView.swift */,
				BE1A8F501FF62FFE31A0E914 /* Store.swift */,
				E75063AD5466A69B7128E963 /* StreakEngine.swift */,
			);
			path = Anchor;
			sourceTree = "<group>";
		};
		B551F1D57E379A2C3E868ADB = {
			isa = PBXGroup;
			children = (
				9515AE6389B5E0A849408F0E /* Anchor */,
				5D75169B392227D5DFC7A4A9 /* AnchorTests */,
				2C2B748EBE2C31199B74F04C /* Shared */,
				3A798F440474CAAB134B4442 /* Anchor.storekit */,
				6BAACBF8C38221CFEBA1BAC9 /* Products */,
			);
			sourceTree = "<group>";
		};
/* End PBXGroup section */

/* Begin PBXNativeTarget section */
		6F5D2FC464FFAA1DA15E11C1 /* Anchor */ = {
			isa = PBXNativeTarget;
			buildConfigurationList = 9A3340A0BCD8AA8B00BE46C6 /* Build configuration list for PBXNativeTarget "Anchor" */;
			buildPhases = (
				63D364B80E211DB48EB26372 /* Sources */,
				7346EBA95A3342D71D986520 /* Resources */,
			);
			buildRules = (
			);
			dependencies = (
			);
			name = Anchor;
			packageProductDependencies = (
			);
			productName = Anchor;
			productReference = 067C4B964D6B6AD5DC23BD6C /* Anchor.app */;
			productType = "com.apple.product-type.application";
		};
		F550439999E9EDA3665F573C /* AnchorTests */ = {
			isa = PBXNativeTarget;
			buildConfigurationList = 5ECE35E776C91815B08482C7 /* Build configuration list for PBXNativeTarget "AnchorTests" */;
			buildPhases = (
				0F226F56A4693CB4A6AA7189 /* Sources */,
				7C421ABCA6CA1A91FCAF0968 /* Resources */,
			);
			buildRules = (
			);
			dependencies = (
				84B38546C391B825CA779508 /* PBXTargetDependency */,
			);
			name = AnchorTests;
			packageProductDependencies = (
			);
			productName = AnchorTests;
			productReference = A40A3A6F53D4714A7A228D48 /* AnchorTests.xctest */;
			productType = "com.apple.product-type.bundle.unit-test";
		};
/* End PBXNativeTarget section */

/* Begin PBXProject section */
		15909A3D28DD6BEEA0C2B50B /* Project object */ = {
			isa = PBXProject;
			attributes = {
				BuildIndependentTargetsInParallel = YES;
				LastUpgradeCheck = 1430;
				TargetAttributes = {
					6F5D2FC464FFAA1DA15E11C1 = {
						DevelopmentTeam = W7Q885Q59C;
						ProvisioningStyle = Automatic;
					};
					F550439999E9EDA3665F573C = {
						DevelopmentTeam = W7Q885Q59C;
						ProvisioningStyle = Automatic;
					};
				};
			};
			buildConfigurationList = A1E223698874A7CA495056A9 /* Build configuration list for PBXProject "Anchor" */;
			developmentRegion = en;
			hasScannedForEncodings = 0;
			knownRegions = (
				Base,
				en,
			);
			mainGroup = B551F1D57E379A2C3E868ADB;
			minimizedProjectReferenceProxies = 1;
			preferredProjectObjectVersion = 77;
			productRefGroup = 6BAACBF8C38221CFEBA1BAC9 /* Products */;
			projectDirPath = "";
			projectRoot = "";
			targets = (
				6F5D2FC464FFAA1DA15E11C1 /* Anchor */,
				F550439999E9EDA3665F573C /* AnchorTests */,
			);
		};
/* End PBXProject section */

/* Begin PBXResourcesBuildPhase section */
		7346EBA95A3342D71D986520 /* Resources */ = {
			isa = PBXResourcesBuildPhase;
			buildActionMask = 2147483647;
			files = (
				FE1C89EBE8BBFF8D916399AC /* Assets.xcassets in Resources */,
				715E6051075E7238D3AC9AAE /* PrivacyInfo.xcprivacy in Resources */,
			);
			runOnlyForDeploymentPostprocessing = 0;
		};
		7C421ABCA6CA1A91FCAF0968 /* Resources */ = {
			isa = PBXResourcesBuildPhase;
			buildActionMask = 2147483647;
			files = (
				4B9F052311F983642CF5917A /* Anchor.storekit in Resources */,
			);
			runOnlyForDeploymentPostprocessing = 0;
		};
/* End PBXResourcesBuildPhase section */

/* Begin PBXSourcesBuildPhase section */
		0F226F56A4693CB4A6AA7189 /* Sources */ = {
			isa = PBXSourcesBuildPhase;
			buildActionMask = 2147483647;
			files = (
				156370DF7F951713BE648996 /* AnchorLogicTests.swift in Sources */,
				AB26FB6A76584B6358ECE1D9 /* AnchorTests.swift in Sources */,
			);
			runOnlyForDeploymentPostprocessing = 0;
		};
		63D364B80E211DB48EB26372 /* Sources */ = {
			isa = PBXSourcesBuildPhase;
			buildActionMask = 2147483647;
			files = (
				6A2DC6437CFE01534280C7F8 /* AnchorApp.swift in Sources */,
				D78997667BBFCC5F271183B3 /* AppModel.swift in Sources */,
				C2D79F375C5390C2BEEBAEB1 /* ArchiveView.swift in Sources */,
				4278EAD38304CA627DC0BAEB /* CardTheme.swift in Sources */,
				4E8AE1C67AA1AD6C7CC9B889 /* ColorHex.swift in Sources */,
				CD48095C09E225669717085E /* Components.swift in Sources */,
				A87EA8007767B17689FF2F8A /* Design.swift in Sources */,
				31D6D5268F4C51E0F954F194 /* EditorView.swift in Sources */,
				DA65BFEE2AF45FB424DBC4FA /* Export.swift in Sources */,
				4E063173AEBFFE2FC3A87D60 /* HomeView.swift in Sources */,
				078A408D958D717CFBDE5058 /* Models.swift in Sources */,
				7D9C4AD58EE73D39872191FA /* PaywallView.swift in Sources */,
				9F1E5290D3C0E49B35C50323 /* RootView.swift in Sources */,
				A5B520FD2D34CE7670060B25 /* SettingsView.swift in Sources */,
				68DC0153AA103076E6FF7BA1 /* ShareCardView.swift in Sources */,
				A5AB730F5FC209A964576466 /* Store.swift in Sources */,
				E4136268B8EE63DC409B7883 /* StreakEngine.swift in Sources */,
			);
			runOnlyForDeploymentPostprocessing = 0;
		};
/* End PBXSourcesBuildPhase section */

/* Begin PBXTargetDependency section */
		84B38546C391B825CA779508 /* PBXTargetDependency */ = {
			isa = PBXTargetDependency;
			target = 6F5D2FC464FFAA1DA15E11C1 /* Anchor */;
			targetProxy = FFE3C2E80B8F53DD0174265E /* PBXContainerItemProxy */;
		};
/* End PBXTargetDependency section */

/* Begin XCBuildConfiguration section */
		375033665249C37DF6E4F99E /* Release */ = {
			isa = XCBuildConfiguration;
			buildSettings = {
				BUNDLE_LOADER = "$(TEST_HOST)";
				GENERATE_INFOPLIST_FILE = YES;
				LD_RUNPATH_SEARCH_PATHS = (
					"$(inherited)",
					"@executable_path/Frameworks",
					"@loader_path/Frameworks",
				);
				PRODUCT_BUNDLE_IDENTIFIER = com.shimondeitel.anchor.tests;
				SDKROOT = iphoneos;
				TARGETED_DEVICE_FAMILY = 1;
				TEST_HOST = "$(BUILT_PRODUCTS_DIR)/Anchor.app/Anchor";
			};
			name = Release;
		};
		79EB7E44AB12544DCE9469E0 /* Debug */ = {
			isa = XCBuildConfiguration;
			buildSettings = {
				BUNDLE_LOADER = "$(TEST_HOST)";
				GENERATE_INFOPLIST_FILE = YES;
				LD_RUNPATH_SEARCH_PATHS = (
					"$(inherited)",
					"@executable_path/Frameworks",
					"@loader_path/Frameworks",
				);
				PRODUCT_BUNDLE_IDENTIFIER = com.shimondeitel.anchor.tests;
				SDKROOT = iphoneos;
				TARGETED_DEVICE_FAMILY = 1;
				TEST_HOST = "$(BUILT_PRODUCTS_DIR)/Anchor.app/Anchor";
			};
			name = Debug;
		};
		82220C11074D810A0ACD9AC2 /* Release */ = {
			isa = XCBuildConfiguration;
			buildSettings = {
				ASSETCATALOG_COMPILER_APPICON_NAME = AppIcon;
				ASSETCATALOG_COMPILER_GLOBAL_ACCENT_COLOR_NAME = AccentColor;
				CODE_SIGN_ENTITLEMENTS = Anchor/Anchor.entitlements;
				CODE_SIGN_IDENTITY = "iPhone Developer";
				ENABLE_PREVIEWS = YES;
				GENERATE_INFOPLIST_FILE = NO;
				INFOPLIST_FILE = Anchor/Info.plist;
				LD_RUNPATH_SEARCH_PATHS = (
					"$(inherited)",
					"@executable_path/Frameworks",
				);
				PRODUCT_BUNDLE_IDENTIFIER = com.shimondeitel.anchor;
				SDKROOT = iphoneos;
				TARGETED_DEVICE_FAMILY = 1;
			};
			name = Release;
		};
		D7B93F0B205688DB34CFE261 /* Release */ = {
			isa = XCBuildConfiguration;
			buildSettings = {
				ALWAYS_SEARCH_USER_PATHS = NO;
				CLANG_ANALYZER_NONNULL = YES;
				CLANG_ANALYZER_NUMBER_OBJECT_CONVERSION = YES_AGGRESSIVE;
				CLANG_CXX_LANGUAGE_STANDARD = "gnu++14";
				CLANG_CXX_LIBRARY = "libc++";
				CLANG_ENABLE_MODULES = YES;
				CLANG_ENABLE_OBJC_ARC = YES;
				CLANG_ENABLE_OBJC_WEAK = YES;
				CLANG_WARN_BLOCK_CAPTURE_AUTORELEASING = YES;
				CLANG_WARN_BOOL_CONVERSION = YES;
				CLANG_WARN_COMMA = YES;
				CLANG_WARN_CONSTANT_CONVERSION = YES;
				CLANG_WARN_DEPRECATED_OBJC_IMPLEMENTATIONS = YES;
				CLANG_WARN_DIRECT_OBJC_ISA_USAGE = YES_ERROR;
				CLANG_WARN_DOCUMENTATION_COMMENTS = YES;
				CLANG_WARN_EMPTY_BODY = YES;
				CLANG_WARN_ENUM_CONVERSION = YES;
				CLANG_WARN_INFINITE_RECURSION = YES;
				CLANG_WARN_INT_CONVERSION = YES;
				CLANG_WARN_NON_LITERAL_NULL_CONVERSION = YES;
				CLANG_WARN_OBJC_IMPLICIT_RETAIN_SELF = YES;
				CLANG_WARN_OBJC_LITERAL_CONVERSION = YES;
				CLANG_WARN_OBJC_ROOT_CLASS = YES_ERROR;
				CLANG_WARN_QUOTED_INCLUDE_IN_FRAMEWORK_HEADER = YES;
				CLANG_WARN_RANGE_LOOP_ANALYSIS = YES;
				CLANG_WARN_STRICT_PROTOTYPES = YES;
				CLANG_WARN_SUSPICIOUS_MOVE = YES;
				CLANG_WARN_UNGUARDED_AVAILABILITY = YES_AGGRESSIVE;
				CLANG_WARN_UNREACHABLE_CODE = YES;
				CLANG_WARN__DUPLICATE_METHOD_MATCH = YES;
				CODE_SIGN_STYLE = Automatic;
				COPY_PHASE_STRIP = NO;
				CURRENT_PROJECT_VERSION = 3;
				DEBUG_INFORMATION_FORMAT = "dwarf-with-dsym";
				DEVELOPMENT_TEAM = W7Q885Q59C;
				ENABLE_NS_ASSERTIONS = NO;
				ENABLE_STRICT_OBJC_MSGSEND = YES;
				ENABLE_USER_SCRIPT_SANDBOXING = YES;
				GCC_C_LANGUAGE_STANDARD = gnu11;
				GCC_NO_COMMON_BLOCKS = YES;
				GCC_WARN_64_TO_32_BIT_CONVERSION = YES;
				GCC_WARN_ABOUT_RETURN_TYPE = YES_ERROR;
				GCC_WARN_UNDECLARED_SELECTOR = YES;
				GCC_WARN_UNINITIALIZED_AUTOS = YES_AGGRESSIVE;
				GCC_WARN_UNUSED_FUNCTION = YES;
				GCC_WARN_UNUSED_VARIABLE = YES;
				IPHONEOS_DEPLOYMENT_TARGET = 17.0;
				MARKETING_VERSION = 1.0.1;
				MTL_ENABLE_DEBUG_INFO = NO;
				MTL_FAST_MATH = YES;
				PRODUCT_NAME = "$(TARGET_NAME)";
				SDKROOT = iphoneos;
				SWIFT_COMPILATION_MODE = wholemodule;
				SWIFT_OPTIMIZATION_LEVEL = "-O";
				SWIFT_VERSION = 5.0;
				TARGETED_DEVICE_FAMILY = 1;
			};
			name = Release;
		};
		EBF4850DDBEFA086ECED5CA1 /* Debug */ = {
			isa = XCBuildConfiguration;
			buildSettings = {
				ALWAYS_SEARCH_USER_PATHS = NO;
				CLANG_ANALYZER_NONNULL = YES;
				CLANG_ANALYZER_NUMBER_OBJECT_CONVERSION = YES_AGGRESSIVE;
				CLANG_CXX_LANGUAGE_STANDARD = "gnu++14";
				CLANG_CXX_LIBRARY = "libc++";
				CLANG_ENABLE_MODULES = YES;
				CLANG_ENABLE_OBJC_ARC = YES;
				CLANG_ENABLE_OBJC_WEAK = YES;
				CLANG_WARN_BLOCK_CAPTURE_AUTORELEASING = YES;
				CLANG_WARN_BOOL_CONVERSION = YES;
				CLANG_WARN_COMMA = YES;
				CLANG_WARN_CONSTANT_CONVERSION = YES;
				CLANG_WARN_DEPRECATED_OBJC_IMPLEMENTATIONS = YES;
				CLANG_WARN_DIRECT_OBJC_ISA_USAGE = YES_ERROR;
				CLANG_WARN_DOCUMENTATION_COMMENTS = YES;
				CLANG_WARN_EMPTY_BODY = YES;
				CLANG_WARN_ENUM_CONVERSION = YES;
				CLANG_WARN_INFINITE_RECURSION = YES;
				CLANG_WARN_INT_CONVERSION = YES;
				CLANG_WARN_NON_LITERAL_NULL_CONVERSION = YES;
				CLANG_WARN_OBJC_IMPLICIT_RETAIN_SELF = YES;
				CLANG_WARN_OBJC_LITERAL_CONVERSION = YES;
				CLANG_WARN_OBJC_ROOT_CLASS = YES_ERROR;
				CLANG_WARN_QUOTED_INCLUDE_IN_FRAMEWORK_HEADER = YES;
				CLANG_WARN_RANGE_LOOP_ANALYSIS = YES;
				CLANG_WARN_STRICT_PROTOTYPES = YES;
				CLANG_WARN_SUSPICIOUS_MOVE = YES;
				CLANG_WARN_UNGUARDED_AVAILABILITY = YES_AGGRESSIVE;
				CLANG_WARN_UNREACHABLE_CODE = YES;
				CLANG_WARN__DUPLICATE_METHOD_MATCH = YES;
				CODE_SIGN_STYLE = Automatic;
				COPY_PHASE_STRIP = NO;
				CURRENT_PROJECT_VERSION = 3;
				DEBUG_INFORMATION_FORMAT = dwarf;
				DEVELOPMENT_TEAM = W7Q885Q59C;
				ENABLE_STRICT_OBJC_MSGSEND = YES;
				ENABLE_TESTABILITY = YES;
				ENABLE_USER_SCRIPT_SANDBOXING = YES;
				GCC_C_LANGUAGE_STANDARD = gnu11;
				GCC_DYNAMIC_NO_PIC = NO;
				GCC_NO_COMMON_BLOCKS = YES;
				GCC_OPTIMIZATION_LEVEL = 0;
				GCC_PREPROCESSOR_DEFINITIONS = (
					"$(inherited)",
					"DEBUG=1",
				);
				GCC_WARN_64_TO_32_BIT_CONVERSION = YES;
				GCC_WARN_ABOUT_RETURN_TYPE = YES_ERROR;
				GCC_WARN_UNDECLARED_SELECTOR = YES;
				GCC_WARN_UNINITIALIZED_AUTOS = YES_AGGRESSIVE;
				GCC_WARN_UNUSED_FUNCTION = YES;
				GCC_WARN_UNUSED_VARIABLE = YES;
				IPHONEOS_DEPLOYMENT_TARGET = 17.0;
				MARKETING_VERSION = 1.0.1;
				MTL_ENABLE_DEBUG_INFO = INCLUDE_SOURCE;
				MTL_FAST_MATH = YES;
				ONLY_ACTIVE_ARCH = YES;
				PRODUCT_NAME = "$(TARGET_NAME)";
				SDKROOT = iphoneos;
				SWIFT_ACTIVE_COMPILATION_CONDITIONS = DEBUG;
				SWIFT_OPTIMIZATION_LEVEL = "-Onone";
				SWIFT_VERSION = 5.0;
				TARGETED_DEVICE_FAMILY = 1;
			};
			name = Debug;
		};
		F12EB7555C8024417283D842 /* Debug */ = {
			isa = XCBuildConfiguration;
			buildSettings = {
				ASSETCATALOG_COMPILER_APPICON_NAME = AppIcon;
				ASSETCATALOG_COMPILER_GLOBAL_ACCENT_COLOR_NAME = AccentColor;
				CODE_SIGN_ENTITLEMENTS = Anchor/Anchor.entitlements;
				CODE_SIGN_IDENTITY = "iPhone Developer";
				ENABLE_PREVIEWS = YES;
				GENERATE_INFOPLIST_FILE = NO;
				INFOPLIST_FILE = Anchor/Info.plist;
				LD_RUNPATH_SEARCH_PATHS = (
					"$(inherited)",
					"@executable_path/Frameworks",
				);
				PRODUCT_BUNDLE_IDENTIFIER = com.shimondeitel.anchor;
				SDKROOT = iphoneos;
				TARGETED_DEVICE_FAMILY = 1;
			};
			name = Debug;
		};
/* End XCBuildConfiguration section */

/* Begin XCConfigurationList section */
		5ECE35E776C91815B08482C7 /* Build configuration list for PBXNativeTarget "AnchorTests" */ = {
			isa = XCConfigurationList;
			buildConfigurations = (
				79EB7E44AB12544DCE9469E0 /* Debug */,
				375033665249C37DF6E4F99E /* Release */,
			);
			defaultConfigurationIsVisible = 0;
			defaultConfigurationName = Debug;
		};
		9A3340A0BCD8AA8B00BE46C6 /* Build configuration list for PBXNativeTarget "Anchor" */ = {
			isa = XCConfigurationList;
			buildConfigurations = (
				F12EB7555C8024417283D842 /* Debug */,
				82220C11074D810A0ACD9AC2 /* Release */,
			);
			defaultConfigurationIsVisible = 0;
			defaultConfigurationName = Debug;
		};
		A1E223698874A7CA495056A9 /* Build configuration list for PBXProject "Anchor" */ = {
			isa = XCConfigurationList;
			buildConfigurations = (
				EBF4850DDBEFA086ECED5CA1 /* Debug */,
				D7B93F0B205688DB34CFE261 /* Release */,
			);
			defaultConfigurationIsVisible = 0;
			defaultConfigurationName = Debug;
		};
/* End XCConfigurationList section */
	};
	rootObject = 15909A3D28DD6BEEA0C2B50B /* Project object */;
}
